
Microsoft Visual Studio Solution File, Format Version 12.00
# Visual Studio Version 16
VisualStudioVersion = 16.0.28922.388
MinimumVisualStudioVersion = 10.0.40219.1
Project("{FAE04EC0-301F-11D3-BF4B-00C04F79EFBC}") = "FileRenamer2", "FileRenamer2\FileRenamer2.csproj", "{0432DBF3-63D2-4214-AA29-E1C009834723}"
EndProject
Global
	GlobalSection(SolutionConfigurationPlatforms) = preSolution
		Debug|Any CPU = Debug|Any CPU
		Release|Any CPU = Release|Any CPU
	EndGlobalSection
	GlobalSection(ProjectConfigurationPlatforms) = postSolution
		{0432DBF3-63D2-4214-AA29-E1C009834723}.Debug|Any CPU.ActiveCfg = Debug|Any CPU
		{0432DBF3-63D2-4214-AA29-E1C009834723}.Debug|Any CPU.Build.0 = Debug|Any CPU
		{0432DBF3-63D2-4214-AA29-E1C009834723}.Release|Any CPU.ActiveCfg = Release|Any CPU
		{0432DBF3-63D2-4214-AA29-E1C009834723}.Release|Any CPU.Build.0 = Release|Any CPU
	EndGlobalSection
	GlobalSection(SolutionProperties) = preSolution
		HideSolutionNode = FALSE
	EndGlobalSection
	GlobalSection(ExtensibilityGlobals) = postSolution
		SolutionGuid = {90F4A4C4-7BDE-41C9-88A2-7E0CE3311AC8}
	EndGlobalSection
EndGlobal
